// !$*UTF8*$!
{
	archiveVersion = 1;
	classes = {
	};
	objectVersion = 50;
	objects = {

/* Begin PBXBuildFile section */
		B631C9AC264BBD5800B2363C /* DrawCardViewController.swift in Sources */ = {isa = PBXBuildFile; fileRef = B631C9AB264BBD5800B2363C /* DrawCardViewController.swift */; };
		B6DF2515264CED47009A4E6A /* Card.swift in Sources */ = {isa = PBXBuildFile; fileRef = B6DF2514264CED47009A4E6A /* Card.swift */; };
		B6DF2517264CED6B009A4E6A /* Deck.swift in Sources */ = {isa = PBXBuildFile; fileRef = B6DF2516264CED6B009A4E6A /* Deck.swift */; };
		B6E4E2A02641F105004CD530 /* AppDelegate.swift in Sources */ = {isa = PBXBuildFile; fileRef = B6E4E29F2641F105004CD530 /* AppDelegate.swift */; };
		B6E4E2A22641F105004CD530 /* GameScene.sks in Resources */ = {isa = PBXBuildFile; fileRef = B6E4E2A12641F105004CD530 /* GameScene.sks */; };
		B6E4E2A42641F105004CD530 /* Actions.sks in Resources */ = {isa = PBXBuildFile; fileRef = B6E4E2A32641F105004CD530 /* Actions.sks */; };
		B6E4E2A62641F105004CD530 /* GameScene.swift in Sources */ = {isa = PBXBuildFile; fileRef = B6E4E2A52641F105004CD530 /* GameScene.swift */; };
		B6E4E2A82641F105004CD530 /* HomeViewController.swift in Sources */ = {isa = PBXBuildFile; fileRef = B6E4E2A72641F105004CD530 /* HomeViewController.swift */; };
		B6E4E2AB2641F105004CD530 /* Main.storyboard in Resources */ = {isa = PBXBuildFile; fileRef = B6E4E2A92641F105004CD530 /* Main.storyboard */; };
		B6E4E2AD2641F109004CD530 /* Assets.xcassets in Resources */ = {isa = PBXBuildFile; fileRef = B6E4E2AC2641F109004CD530 /* Assets.xcassets */; };
		B6E4E2B02641F109004CD530 /* LaunchScreen.storyboard in Resources */ = {isa = PBXBuildFile; fileRef = B6E4E2AE2641F109004CD530 /* LaunchScreen.storyboard */; };
		B6E4E2BB2641F10A004CD530 /* Csc690FinalProject_Tarot_CardsTests.swift in Sources */ = {isa = PBXBuildFile; fileRef = B6E4E2BA2641F10A004CD530 /* Csc690FinalProject_Tarot_CardsTests.swift */; };
		B6E4E2C62641F10A004CD530 /* Csc690FinalProject_Tarot_CardsUITests.swift in Sources */ = {isa = PBXBuildFile; fileRef = B6E4E2C52641F10A004CD530 /* Csc690FinalProject_Tarot_CardsUITests.swift */; };
/* End PBXBuildFile section */

/* Begin PBXContainerItemProxy section */
		B6E4E2B72641F10A004CD530 /* PBXContainerItemProxy */ = {
			isa = PBXContainerItemProxy;
			containerPortal = B6E4E2942641F105004CD530 /* Project object */;
			proxyType = 1;
			remoteGlobalIDString = B6E4E29B2641F105004CD530;
			remoteInfo = "Csc690FinalProject-Tarot-Cards";
		};
		B6E4E2C22641F10A004CD530 /* PBXContainerItemProxy */ = {
			isa = PBXContainerItemProxy;
			containerPortal = B6E4E2942641F105004CD530 /* Project object */;
			proxyType = 1;
			remoteGlobalIDString = B6E4E29B2641F105004CD530;
			remoteInfo = "Csc690FinalProject-Tarot-Cards";
		};
/* End PBXContainerItemProxy section */

/* Begin PBXFileReference section */
		B631C9AB264BBD5800B2363C /* DrawCardViewController.swift */ = {isa = PBXFileReference; lastKnownFileType = sourcecode.swift; path = DrawCardViewController.swift; sourceTree = "<group>"; };
		B6DF2514264CED47009A4E6A /* Card.swift */ = {isa = PBXFileReference; lastKnownFileType = sourcecode.swift; path = Card.swift; sourceTree = "<group>"; };
		B6DF2516264CED6B009A4E6A /* Deck.swift */ = {isa = PBXFileReference; lastKnownFileType = sourcecode.swift; path = Deck.swift; sourceTree = "<group>"; };
		B6E4E29C2641F105004CD530 /* Csc690FinalProject-Tarot-Cards.app */ = {isa = PBXFileReference; explicitFileType = wrapper.application; includeInIndex = 0; path = "Csc690FinalProject-Tarot-Cards.app"; sourceTree = BUILT_PRODUCTS_DIR; };
		B6E4E29F2641F105004CD530 /* AppDelegate.swift */ = {isa = PBXFileReference; lastKnownFileType = sourcecode.swift; path = AppDelegate.swift; sourceTree = "<group>"; };
		B6E4E2A12641F105004CD530 /* GameScene.sks */ = {isa = PBXFileReference; lastKnownFileType = file.sks; path = GameScene.sks; sourceTree = "<group>"; };
		B6E4E2A32641F105004CD530 /* Actions.sks */ = {isa = PBXFileReference; lastKnownFileType = file.sks; path = Actions.sks; sourceTree = "<group>"; };
		B6E4E2A52641F105004CD530 /* GameScene.swift */ = {isa = PBXFileReference; lastKnownFileType = sourcecode.swift; path = GameScene.swift; sourceTree = "<group>"; };
		B6E4E2A72641F105004CD530 /* HomeViewController.swift */ = {isa = PBXFileReference; lastKnownFileType = sourcecode.swift; path = HomeViewController.swift; sourceTree = "<group>"; };
		B6E4E2AA2641F105004CD530 /* Base */ = {isa = PBXFileReference; lastKnownFileType = file.storyboard; name = Base; path = Base.lproj/Main.storyboard; sourceTree = "<group>"; };
		B6E4E2AC2641F109004CD530 /* Assets.xcassets */ = {isa = PBXFileReference; lastKnownFileType = folder.assetcatalog; path = Assets.xcassets; sourceTree = "<group>"; };
		B6E4E2AF2641F109004CD530 /* Base */ = {isa = PBXFileReference; lastKnownFileType = file.storyboard; name = Base; path = Base.lproj/LaunchScreen.storyboard; sourceTree = "<group>"; };
		B6E4E2B12641F109004CD530 /* Info.plist */ = {isa = PBXFileReference; lastKnownFileType = text.plist.xml; path = Info.plist; sourceTree = "<group>"; };
		B6E4E2B62641F10A004CD530 /* Csc690FinalProject-Tarot-CardsTests.xctest */ = {isa = PBXFileReference; explicitFileType = wrapper.cfbundle; includeInIndex = 0; path = "Csc690FinalProject-Tarot-CardsTests.xctest"; sourceTree = BUILT_PRODUCTS_DIR; };
		B6E4E2BA2641F10A004CD530 /* Csc690FinalProject_Tarot_CardsTests.swift */ = {isa = PBXFileReference; lastKnownFileType = sourcecode.swift; path = Csc690FinalProject_Tarot_CardsTests.swift; sourceTree = "<group>"; };
		B6E4E2BC2641F10A004CD530 /* Info.plist */ = {isa = PBXFileReference; lastKnownFileType = text.plist.xml; path = Info.plist; sourceTree = "<group>"; };
		B6E4E2C12641F10A004CD530 /* Csc690FinalProject-Tarot-CardsUITests.xctest */ = {isa = PBXFileReference; explicitFileType = wrapper.cfbundle; includeInIndex = 0; path = "Csc690FinalProject-Tarot-CardsUITests.xctest"; sourceTree = BUILT_PRODUCTS_DIR; };
		B6E4E2C52641F10A004CD530 /* Csc690FinalProject_Tarot_CardsUITests.swift */ = {isa = PBXFileReference; lastKnownFileType = sourcecode.swift; path = Csc690FinalProject_Tarot_CardsUITests.swift; sourceTree = "<group>"; };
		B6E4E2C72641F10A004CD530 /* Info.plist */ = {isa = PBXFileReference; lastKnownFileType = text.plist.xml; path = Info.plist; sourceTree = "<group>"; };
/* End PBXFileReference section */

/* Begin PBXFrameworksBuildPhase section */
		B6E4E2992641F105004CD530 /* Frameworks */ = {
			isa = PBXFrameworksBuildPhase;
			buildActionMask = 2147483647;
			files = (
			);
			runOnlyForDeploymentPostprocessing = 0;
		};
		B6E4E2B32641F10A004CD530 /* Frameworks */ = {
			isa = PBXFrameworksBuildPhase;
			buildActionMask = 2147483647;
			files = (
			);
			runOnlyForDeploymentPostprocessing = 0;
		};
		B6E4E2BE2641F10A004CD530 /* Frameworks */ = {
			isa = PBXFrameworksBuildPhase;
			buildActionMask = 2147483647;
			files = (
			);
			runOnlyForDeploymentPostprocessing = 0;
		};
/* End PBXFrameworksBuildPhase section */

/* Begin PBXGroup section */
		B6E4E2932641F105004CD530 = {
			isa = PBXGroup;
			children = (
				B6E4E29E2641F105004CD530 /* Csc690FinalProject-Tarot-Cards */,
				B6E4E2B92641F10A004CD530 /* Csc690FinalProject-Tarot-CardsTests */,
				B6E4E2C42641F10A004CD530 /* Csc690FinalProject-Tarot-CardsUITests */,
				B6E4E29D2641F105004CD530 /* Products */,
			);
			sourceTree = "<group>";
		};
		B6E4E29D2641F105004CD530 /* Products */ = {
			isa = PBXGroup;
			children = (
				B6E4E29C2641F105004CD530 /* Csc690FinalProject-Tarot-Cards.app */,
				B6E4E2B62641F10A004CD530 /* Csc690FinalProject-Tarot-CardsTests.xctest */,
				B6E4E2C12641F10A004CD530 /* Csc690FinalProject-Tarot-CardsUITests.xctest */,
			);
			name = Products;
			sourceTree = "<group>";
		};
		B6E4E29E2641F105004CD530 /* Csc690FinalProject-Tarot-Cards */ = {
			isa = PBXGroup;
			children = (
				B6E4E29F2641F105004CD530 /* AppDelegate.swift */,
				B6E4E2A12641F105004CD530 /* GameScene.sks */,
				B6E4E2A32641F105004CD530 /* Actions.sks */,
				B6E4E2A52641F105004CD530 /* GameScene.swift */,
				B6E4E2A72641F105004CD530 /* HomeViewController.swift */,
				B631C9AB264BBD5800B2363C /* DrawCardViewController.swift */,
				B6E4E2AE2641F109004CD530 /* LaunchScreen.storyboard */,
				B6E4E2A92641F105004CD530 /* Main.storyboard */,
				B6E4E2AC2641F109004CD530 /* Assets.xcassets */,
				B6E4E2B12641F109004CD530 /* Info.plist */,
				B6DF2514264CED47009A4E6A /* Card.swift */,
				B6DF2516264CED6B009A4E6A /* Deck.swift */,
			);
			path = "Csc690FinalProject-Tarot-Cards";
			sourceTree = "<group>";
		};
		B6E4E2B92641F10A004CD530 /* Csc690FinalProject-Tarot-CardsTests */ = {
			isa = PBXGroup;
			children = (
				B6E4E2BA2641F10A004CD530 /* Csc690FinalProject_Tarot_CardsTests.swift */,
				B6E4E2BC2641F10A004CD530 /* Info.plist */,
			);
			path = "Csc690FinalProject-Tarot-CardsTests";
			sourceTree = "<group>";
		};
		B6E4E2C42641F10A004CD530 /* Csc690FinalProject-Tarot-CardsUITests */ = {
			isa = PBXGroup;
			children = (
				B6E4E2C52641F10A004CD530 /* Csc690FinalProject_Tarot_CardsUITests.swift */,
				B6E4E2C72641F10A004CD530 /* Info.plist */,
			);
			path = "Csc690FinalProject-Tarot-CardsUITests";
			sourceTree = "<group>";
		};
/* End PBXGroup section */

/* Begin PBXNativeTarget section */
		B6E4E29B2641F105004CD530 /* Csc690FinalProject-Tarot-Cards */ = {
			isa = PBXNativeTarget;
			buildConfigurationList = B6E4E2CA2641F10A004CD530 /* Build configuration list for PBXNativeTarget "Csc690FinalProject-Tarot-Cards" */;
			buildPhases = (
				B6E4E2982641F105004CD530 /* Sources */,
				B6E4E2992641F105004CD530 /* Frameworks */,
				B6E4E29A2641F105004CD530 /* Resources */,
			);
			buildRules = (
			);
			dependencies = (
			);
			name = "Csc690FinalProject-Tarot-Cards";
			productName = "Csc690FinalProject-Tarot-Cards";
			productReference = B6E4E29C2641F105004CD530 /* Csc690FinalProject-Tarot-Cards.app */;
			productType = "com.apple.product-type.application";
		};
		B6E4E2B52641F10A004CD530 /* Csc690FinalProject-Tarot-CardsTests */ = {
			isa = PBXNativeTarget;
			buildConfigurationList = B6E4E2CD2641F10A004CD530 /* Build configuration list for PBXNativeTarget "Csc690FinalProject-Tarot-CardsTests" */;
			buildPhases = (
				B6E4E2B22641F10A004CD530 /* Sources */,
				B6E4E2B32641F10A004CD530 /* Frameworks */,
				B6E4E2B42641F10A004CD530 /* Resources */,
			);
			buildRules = (
			);
			dependencies = (
				B6E4E2B82641F10A004CD530 /* PBXTargetDependency */,
			);
			name = "Csc690FinalProject-Tarot-CardsTests";
			productName = "Csc690FinalProject-Tarot-CardsTests";
			productReference = B6E4E2B62641F10A004CD530 /* Csc690FinalProject-Tarot-CardsTests.xctest */;
			productType = "com.apple.product-type.bundle.unit-test";
		};
		B6E4E2C02641F10A004CD530 /* Csc690FinalProject-Tarot-CardsUITests */ = {
			isa = PBXNativeTarget;
			buildConfigurationList = B6E4E2D02641F10A004CD530 /* Build configuration list for PBXNativeTarget "Csc690FinalProject-Tarot-CardsUITests" */;
			buildPhases = (
				B6E4E2BD2641F10A004CD530 /* Sources */,
				B6E4E2BE2641F10A004CD530 /* Frameworks */,
				B6E4E2BF2641F10A004CD530 /* Resources */,
			);
			buildRules = (
			);
			dependencies = (
				B6E4E2C32641F10A004CD530 /* PBXTargetDependency */,
			);
			name = "Csc690FinalProject-Tarot-CardsUITests";
			productName = "Csc690FinalProject-Tarot-CardsUITests";
			productReference = B6E4E2C12641F10A004CD530 /* Csc690FinalProject-Tarot-CardsUITests.xctest */;
			productType = "com.apple.product-type.bundle.ui-testing";
		};
/* End PBXNativeTarget section */

/* Begin PBXProject section */
		B6E4E2942641F105004CD530 /* Project object */ = {
			isa = PBXProject;
			attributes = {
				LastSwiftUpdateCheck = 1130;
				LastUpgradeCheck = 1130;
				ORGANIZATIONNAME = "Zachary Ma";
				TargetAttributes = {
					B6E4E29B2641F105004CD530 = {
						CreatedOnToolsVersion = 11.3.1;
					};
					B6E4E2B52641F10A004CD530 = {
						CreatedOnToolsVersion = 11.3.1;
						TestTargetID = B6E4E29B2641F105004CD530;
					};
					B6E4E2C02641F10A004CD530 = {
						CreatedOnToolsVersion = 11.3.1;
						TestTargetID = B6E4E29B2641F105004CD530;
					};
				};
			};
			buildConfigurationList = B6E4E2972641F105004CD530 /* Build configuration list for PBXProject "Csc690FinalProject-Tarot-Cards" */;
			compatibilityVersion = "Xcode 9.3";
			developmentRegion = en;
			hasScannedForEncodings = 0;
			knownRegions = (
				en,
				Base,
			);
			mainGroup = B6E4E2932641F105004CD530;
			productRefGroup = B6E4E29D2641F105004CD530 /* Products */;
			projectDirPath = "";
			projectRoot = "";
			targets = (
				B6E4E29B2641F105004CD530 /* Csc690FinalProject-Tarot-Cards */,
				B6E4E2B52641F10A004CD530 /* Csc690FinalProject-Tarot-CardsTests */,
				B6E4E2C02641F10A004CD530 /* Csc690FinalProject-Tarot-CardsUITests */,
			);
		};
/* End PBXProject section */

/* Begin PBXResourcesBuildPhase section */
		B6E4E29A2641F105004CD530 /* Resources */ = {
			isa = PBXResourcesBuildPhase;
			buildActionMask = 2147483647;
			files = (
				B6E4E2AB2641F105004CD530 /* Main.storyboard in Resources */,
				B6E4E2A22641F105004CD530 /* GameScene.sks in Resources */,
				B6E4E2AD2641F109004CD530 /* Assets.xcassets in Resources */,
				B6E4E2B02641F109004CD530 /* LaunchScreen.storyboard in Resources */,
				B6E4E2A42641F105004CD530 /* Actions.sks in Resources */,
			);
			runOnlyForDeploymentPostprocessing = 0;
		};
		B6E4E2B42641F10A004CD530 /* Resources */ = {
			isa = PBXResourcesBuildPhase;
			buildActionMask = 2147483647;
			files = (
			);
			runOnlyForDeploymentPostprocessing = 0;
		};
		B6E4E2BF2641F10A004CD530 /* Resources */ = {
			isa = PBXResourcesBuildPhase;
			buildActionMask = 2147483647;
			files = (
			);
			runOnlyForDeploymentPostprocessing = 0;
		};
/* End PBXResourcesBuildPhase section */

/* Begin PBXSourcesBuildPhase section */
		B6E4E2982641F105004CD530 /* Sources */ = {
			isa = PBXSourcesBuildPhase;
			buildActionMask = 2147483647;
			files = (
				B6DF2517264CED6B009A4E6A /* Deck.swift in Sources */,
				B6E4E2A62641F105004CD530 /* GameScene.swift in Sources */,
				B6E4E2A82641F105004CD530 /* HomeViewController.swift in Sources */,
				B6DF2515264CED47009A4E6A /* Card.swift in Sources */,
				B631C9AC264BBD5800B2363C /* DrawCardViewController.swift in Sources */,
				B6E4E2A02641F105004CD530 /* AppDelegate.swift in Sources */,
			);
			runOnlyForDeploymentPostprocessing = 0;
		};
		B6E4E2B22641F10A004CD530 /* Sources */ = {
			isa = PBXSourcesBuildPhase;
			buildActionMask = 2147483647;
			files = (
				B6E4E2BB2641F10A004CD530 /* Csc690FinalProject_Tarot_CardsTests.swift in Sources */,
			);
			runOnlyForDeploymentPostprocessing = 0;
		};
		B6E4E2BD2641F10A004CD530 /* Sources */ = {
			isa = PBXSourcesBuildPhase;
			buildActionMask = 2147483647;
			files = (
				B6E4E2C62641F10A004CD530 /* Csc690FinalProject_Tarot_CardsUITests.swift in Sources */,
			);
			runOnlyForDeploymentPostprocessing = 0;
		};
/* End PBXSourcesBuildPhase section */

/* Begin PBXTargetDependency section */
		B6E4E2B82641F10A004CD530 /* PBXTargetDependency */ = {
			isa = PBXTargetDependency;
			target = B6E4E29B2641F105004CD530 /* Csc690FinalProject-Tarot-Cards */;
			targetProxy = B6E4E2B72641F10A004CD530 /* PBXContainerItemProxy */;
		};
		B6E4E2C32641F10A004CD530 /* PBXTargetDependency */ = {
			isa = PBXTargetDependency;
			target = B6E4E29B2641F105004CD530 /* Csc690FinalProject-Tarot-Cards */;
			targetProxy = B6E4E2C22641F10A004CD530 /* PBXContainerItemProxy */;
		};
/* End PBXTargetDependency section */

/* Begin PBXVariantGroup section */
		B6E4E2A92641F105004CD530 /* Main.storyboard */ = {
			isa = PBXVariantGroup;
			children = (
				B6E4E2AA2641F105004CD530 /* Base */,
			);
			name = Main.storyboard;
			sourceTree = "<group>";
		};
		B6E4E2AE2641F109004CD530 /* LaunchScreen.storyboard */ = {
			isa = PBXVariantGroup;
			children = (
				B6E4E2AF2641F109004CD530 /* Base */,
			);
			name = LaunchScreen.storyboard;
			sourceTree = "<group>";
		};
/* End PBXVariantGroup section */

/* Begin XCBuildConfiguration section */
		B6E4E2C82641F10A004CD530 /* Debug */ = {
			isa = XCBuildConfiguration;
			buildSettings = {
				ALWAYS_SEARCH_USER_PATHS = NO;
				CLANG_ANALYZER_NONNULL = YES;
				CLANG_ANALYZER_NUMBER_OBJECT_CONVERSION = YES_AGGRESSIVE;
				CLANG_CXX_LANGUAGE_STANDARD = "gnu++14";
				CLANG_CXX_LIBRARY = "libc++";
				CLANG_ENABLE_MODULES = YES;
				CLANG_ENABLE_OBJC_ARC = YES;
				CLANG_ENABLE_OBJC_WEAK = YES;
				CLANG_WARN_BLOCK_CAPTURE_AUTORELEASING = YES;
				CLANG_WARN_BOOL_CONVERSION = YES;
				CLANG_WARN_COMMA = YES;
				CLANG_WARN_CONSTANT_CONVERSION = YES;
				CLANG_WARN_DEPRECATED_OBJC_IMPLEMENTATIONS = YES;
				CLANG_WARN_DIRECT_OBJC_ISA_USAGE = YES_ERROR;
				CLANG_WARN_DOCUMENTATION_COMMENTS = YES;
				CLANG_WARN_EMPTY_BODY = YES;
				CLANG_WARN_ENUM_CONVERSION = YES;
				CLANG_WARN_INFINITE_RECURSION = YES;
				CLANG_WARN_INT_CONVERSION = YES;
				CLANG_WARN_NON_LITERAL_NULL_CONVERSION = YES;
				CLANG_WARN_OBJC_IMPLICIT_RETAIN_SELF = YES;
				CLANG_WARN_OBJC_LITERAL_CONVERSION = YES;
				CLANG_WARN_OBJC_ROOT_CLASS = YES_ERROR;
				CLANG_WARN_RANGE_LOOP_ANALYSIS = YES;
				CLANG_WARN_STRICT_PROTOTYPES = YES;
				CLANG_WARN_SUSPICIOUS_MOVE = YES;
				CLANG_WARN_UNGUARDED_AVAILABILITY = YES_AGGRESSIVE;
				CLANG_WARN_UNREACHABLE_CODE = YES;
				CLANG_WARN__DUPLICATE_METHOD_MATCH = YES;
				COPY_PHASE_STRIP = NO;
				DEBUG_INFORMATION_FORMAT = dwarf;
				ENABLE_STRICT_OBJC_MSGSEND = YES;
				ENABLE_TESTABILITY = YES;
				GCC_C_LANGUAGE_STANDARD = gnu11;
				GCC_DYNAMIC_NO_PIC = NO;
				GCC_NO_COMMON_BLOCKS = YES;
				GCC_OPTIMIZATION_LEVEL = 0;
				GCC_PREPROCESSOR_DEFINITIONS = (
					"DEBUG=1",
					"$(inherited)",
				);
				GCC_WARN_64_TO_32_BIT_CONVERSION = YES;
				GCC_WARN_ABOUT_RETURN_TYPE = YES_ERROR;
				GCC_WARN_UNDECLARED_SELECTOR = YES;
				GCC_WARN_UNINITIALIZED_AUTOS = YES_AGGRESSIVE;
				GCC_WARN_UNUSED_FUNCTION = YES;
				GCC_WARN_UNUSED_VARIABLE = YES;
				IPHONEOS_DEPLOYMENT_TARGET = 13.2;
				MTL_ENABLE_DEBUG_INFO = INCLUDE_SOURCE;
				MTL_FAST_MATH = YES;
				ONLY_ACTIVE_ARCH = YES;
				SDKROOT = iphoneos;
				SWIFT_ACTIVE_COMPILATION_CONDITIONS = DEBUG;
				SWIFT_OPTIMIZATION_LEVEL = "-Onone";
			};
			name = Debug;
		};
		B6E4E2C92641F10A004CD530 /* Release */ = {
			isa = XCBuildConfiguration;
			buildSettings = {
				ALWAYS_SEARCH_USER_PATHS = NO;
				CLANG_ANALYZER_NONNULL = YES;
				CLANG_ANALYZER_NUMBER_OBJECT_CONVERSION = YES_AGGRESSIVE;
				CLANG_CXX_LANGUAGE_STANDARD = "gnu++14";
				CLANG_CXX_LIBRARY = "libc++";
				CLANG_ENABLE_MODULES = YES;
				CLANG_ENABLE_OBJC_ARC = YES;
				CLANG_ENABLE_OBJC_WEAK = YES;
				CLANG_WARN_BLOCK_CAPTURE_AUTORELEASING = YES;
				CLANG_WARN_BOOL_CONVERSION = YES;
				CLANG_WARN_COMMA = YES;
				CLANG_WARN_CONSTANT_CONVERSION = YES;
				CLANG_WARN_DEPRECATED_OBJC_IMPLEMENTATIONS = YES;
				CLANG_WARN_DIRECT_OBJC_ISA_USAGE = YES_ERROR;
				CLANG_WARN_DOCUMENTATION_COMMENTS = YES;
				CLANG_WARN_EMPTY_BODY = YES;
				CLANG_WARN_ENUM_CONVERSION = YES;
				CLANG_WARN_INFINITE_RECURSION = YES;
				CLANG_WARN_INT_CONVERSION = YES;
				CLANG_WARN_NON_LITERAL_NULL_CONVERSION = YES;
				CLANG_WARN_OBJC_IMPLICIT_RETAIN_SELF = YES;
				CLANG_WARN_OBJC_LITERAL_CONVERSION = YES;
				CLANG_WARN_OBJC_ROOT_CLASS = YES_ERROR;
				CLANG_WARN_RANGE_LOOP_ANALYSIS = YES;
				CLANG_WARN_STRICT_PROTOTYPES = YES;
				CLANG_WARN_SUSPICIOUS_MOVE = YES;
				CLANG_WARN_UNGUARDED_AVAILABILITY = YES_AGGRESSIVE;
				CLANG_WARN_UNREACHABLE_CODE = YES;
				CLANG_WARN__DUPLICATE_METHOD_MATCH = YES;
				COPY_PHASE_STRIP = NO;
				DEBUG_INFORMATION_FORMAT = "dwarf-with-dsym";
				ENABLE_NS_ASSERTIONS = NO;
				ENABLE_STRICT_OBJC_MSGSEND = YES;
				GCC_C_LANGUAGE_STANDARD = gnu11;
				GCC_NO_COMMON_BLOCKS = YES;
				GCC_WARN_64_TO_32_BIT_CONVERSION = YES;
				GCC_WARN_ABOUT_RETURN_TYPE = YES_ERROR;
				GCC_WARN_UNDECLARED_SELECTOR = YES;
				GCC_WARN_UNINITIALIZED_AUTOS = YES_AGGRESSIVE;
				GCC_WARN_UNUSED_FUNCTION = YES;
				GCC_WARN_UNUSED_VARIABLE = YES;
				IPHONEOS_DEPLOYMENT_TARGET = 13.2;
				MTL_ENABLE_DEBUG_INFO = NO;
				MTL_FAST_MATH = YES;
				SDKROOT = iphoneos;
				SWIFT_COMPILATION_MODE = wholemodule;
				SWIFT_OPTIMIZATION_LEVEL = "-O";
				VALIDATE_PRODUCT = YES;
			};
			name = Release;
		};
		B6E4E2CB2641F10A004CD530 /* Debug */ = {
			isa = XCBuildConfiguration;
			buildSettings = {
				ASSETCATALOG_COMPILER_APPICON_NAME = AppIcon;
				CODE_SIGN_STYLE = Automatic;
				DEVELOPMENT_TEAM = TMQ7FVBM89;
				INFOPLIST_FILE = "Csc690FinalProject-Tarot-Cards/Info.plist";
				LD_RUNPATH_SEARCH_PATHS = (
					"$(inherited)",
					"@executable_path/Frameworks",
				);
				PRODUCT_BUNDLE_IDENTIFIER = "Area-Turtle.Csc690FinalProject-Tarot-Cards";
				PRODUCT_NAME = "$(TARGET_NAME)";
				SWIFT_VERSION = 5.0;
				TARGETED_DEVICE_FAMILY = "1,2";
			};
			name = Debug;
		};
		B6E4E2CC2641F10A004CD530 /* Release */ = {
			isa = XCBuildConfiguration;
			buildSettings = {
				ASSETCATALOG_COMPILER_APPICON_NAME = AppIcon;
				CODE_SIGN_STYLE = Automatic;
				DEVELOPMENT_TEAM = TMQ7FVBM89;
				INFOPLIST_FILE = "Csc690FinalProject-Tarot-Cards/Info.plist";
				LD_RUNPATH_SEARCH_PATHS = (
					"$(inherited)",
					"@executable_path/Frameworks",
				);
				PRODUCT_BUNDLE_IDENTIFIER = "Area-Turtle.Csc690FinalProject-Tarot-Cards";
				PRODUCT_NAME = "$(TARGET_NAME)";
				SWIFT_VERSION = 5.0;
				TARGETED_DEVICE_FAMILY = "1,2";
			};
			name = Release;
		};
		B6E4E2CE2641F10A004CD530 /* Debug */ = {
			isa = XCBuildConfiguration;
			buildSettings = {
				ALWAYS_EMBED_SWIFT_STANDARD_LIBRARIES = YES;
				BUNDLE_LOADER = "$(TEST_HOST)";
				CODE_SIGN_STYLE = Automatic;
				DEVELOPMENT_TEAM = TMQ7FVBM89;
				INFOPLIST_FILE = "Csc690FinalProject-Tarot-CardsTests/Info.plist";
				IPHONEOS_DEPLOYMENT_TARGET = 13.2;
				LD_RUNPATH_SEARCH_PATHS = (
					"$(inherited)",
					"@executable_path/Frameworks",
					"@loader_path/Frameworks",
				);
				PRODUCT_BUNDLE_IDENTIFIER = "Area-Turtle.Csc690FinalProject-Tarot-CardsTests";
				PRODUCT_NAME = "$(TARGET_NAME)";
				SWIFT_VERSION = 5.0;
				TARGETED_DEVICE_FAMILY = "1,2";
				TEST_HOST = "$(BUILT_PRODUCTS_DIR)/Csc690FinalProject-Tarot-Cards.app/Csc690FinalProject-Tarot-Cards";
			};
			name = Debug;
		};
		B6E4E2CF2641F10A004CD530 /* Release */ = {
			isa = XCBuildConfiguration;
			buildSettings = {
				ALWAYS_EMBED_SWIFT_STANDARD_LIBRARIES = YES;
				BUNDLE_LOADER = "$(TEST_HOST)";
				CODE_SIGN_STYLE = Automatic;
				DEVELOPMENT_TEAM = TMQ7FVBM89;
				INFOPLIST_FILE = "Csc690FinalProject-Tarot-CardsTests/Info.plist";
				IPHONEOS_DEPLOYMENT_TARGET = 13.2;
				LD_RUNPATH_SEARCH_PATHS = (
					"$(inherited)",
					"@executable_path/Frameworks",
					"@loader_path/Frameworks",
				);
				PRODUCT_BUNDLE_IDENTIFIER = "Area-Turtle.Csc690FinalProject-Tarot-CardsTests";
				PRODUCT_NAME = "$(TARGET_NAME)";
				SWIFT_VERSION = 5.0;
				TARGETED_DEVICE_FAMILY = "1,2";
				TEST_HOST = "$(BUILT_PRODUCTS_DIR)/Csc690FinalProject-Tarot-Cards.app/Csc690FinalProject-Tarot-Cards";
			};
			name = Release;
		};
		B6E4E2D12641F10A004CD530 /* Debug */ = {
			isa = XCBuildConfiguration;
			buildSettings = {
				ALWAYS_EMBED_SWIFT_STANDARD_LIBRARIES = YES;
				CODE_SIGN_STYLE = Automatic;
				DEVELOPMENT_TEAM = TMQ7FVBM89;
				INFOPLIST_FILE = "Csc690FinalProject-Tarot-CardsUITests/Info.plist";
				LD_RUNPATH_SEARCH_PATHS = (
					"$(inherited)",
					"@executable_path/Frameworks",
					"@loader_path/Frameworks",
				);
				PRODUCT_BUNDLE_IDENTIFIER = "Area-Turtle.Csc690FinalProject-Tarot-CardsUITests";
				PRODUCT_NAME = "$(TARGET_NAME)";
				SWIFT_VERSION = 5.0;
				TARGETED_DEVICE_FAMILY = "1,2";
				TEST_TARGET_NAME = "Csc690FinalProject-Tarot-Cards";
			};
			name = Debug;
		};
		B6E4E2D22641F10A004CD530 /* Release */ = {
			isa = XCBuildConfiguration;
			buildSettings = {
				ALWAYS_EMBED_SWIFT_STANDARD_LIBRARIES = YES;
				CODE_SIGN_STYLE = Automatic;
				DEVELOPMENT_TEAM = TMQ7FVBM89;
				INFOPLIST_FILE = "Csc690FinalProject-Tarot-CardsUITests/Info.plist";
				LD_RUNPATH_SEARCH_PATHS = (
					"$(inherited)",
					"@executable_path/Frameworks",
					"@loader_path/Frameworks",
				);
				PRODUCT_BUNDLE_IDENTIFIER = "Area-Turtle.Csc690FinalProject-Tarot-CardsUITests";
				PRODUCT_NAME = "$(TARGET_NAME)";
				SWIFT_VERSION = 5.0;
				TARGETED_DEVICE_FAMILY = "1,2";
				TEST_TARGET_NAME = "Csc690FinalProject-Tarot-Cards";
			};
			name = Release;
		};
/* End XCBuildConfiguration section */

/* Begin XCConfigurationList section */
		B6E4E2972641F105004CD530 /* Build configuration list for PBXProject "Csc690FinalProject-Tarot-Cards" */ = {
			isa = XCConfigurationList;
			buildConfigurations = (
				B6E4E2C82641F10A004CD530 /* Debug */,
				B6E4E2C92641F10A004CD530 /* Release */,
			);
			defaultConfigurationIsVisible = 0;
			defaultConfigurationName = Release;
		};
		B6E4E2CA2641F10A004CD530 /* Build configuration list for PBXNativeTarget "Csc690FinalProject-Tarot-Cards" */ = {
			isa = XCConfigurationList;
			buildConfigurations = (
				B6E4E2CB2641F10A004CD530 /* Debug */,
				B6E4E2CC2641F10A004CD530 /* Release */,
			);
			defaultConfigurationIsVisible = 0;
			defaultConfigurationName = Release;
		};
		B6E4E2CD2641F10A004CD530 /* Build configuration list for PBXNativeTarget "Csc690FinalProject-Tarot-CardsTests" */ = {
			isa = XCConfigurationList;
			buildConfigurations = (
				B6E4E2CE2641F10A004CD530 /* Debug */,
				B6E4E2CF2641F10A004CD530 /* Release */,
			);
			defaultConfigurationIsVisible = 0;
			defaultConfigurationName = Release;
		};
		B6E4E2D02641F10A004CD530 /* Build configuration list for PBXNativeTarget "Csc690FinalProject-Tarot-CardsUITests" */ = {
			isa = XCConfigurationList;
			buildConfigurations = (
				B6E4E2D12641F10A004CD530 /* Debug */,
				B6E4E2D22641F10A004CD530 /* Release */,
			);
			defaultConfigurationIsVisible = 0;
			defaultConfigurationName = Release;
		};
/* End XCConfigurationList section */
	};
	rootObject = B6E4E2942641F105004CD530 /* Project object */;
}
